PODS:
  - NCMB (1.4.1)

DEPENDENCIES:
  - NCMB (from `https://github.com/NIFCloud-mbaas/ncmb_swift`)

EXTERNAL SOURCES:
  NCMB:
    :git: https://github.com/NIFCloud-mbaas/ncmb_swift

CHECKOUT OPTIONS:
  NCMB:
    :commit: bf4b325ceba1941cfd48c084338dbf7b02c9e82d
    :git: https://github.com/NIFCloud-mbaas/ncmb_swift

SPEC CHECKSUMS:
  NCMB: d77cb49624841ab0af467ef55a8a8a2ff8525726

PODFILE CHECKSUM: 46b945bb888cae6560c04cf182a730275e0180f9

COCOAPODS: 1.11.3
